{
  "originHash" : "6d0dedd8807f0ba3c6004b8ca61ffd0d09d72ddd49b0d658dc1b1ad2fad6301d",
  "pins" : [
    {
      "identity" : "keychainaccess",
      "kind" : "remoteSourceControl",
      "location" : "https://github.com/kishikawakatsumi/KeychainAccess.git",
      "state" : {
        "revision" : "84e546727d66f1adc5439debad16270d0fdd04e7",
        "version" : "4.2.2"
      }
    },
    {
      "identity" : "nerdzinject",
      "kind" : "remoteSourceControl",
      "location" : "https://github.com/nerdzlab/NerdzInject.git",
      "state" : {
        "revision" : "2f20b94dd97cc115a39bf7c4ce6e49dbb848d03b",
        "version" : "1.1.3"
      }
    },
    {
      "identity" : "nerdzutils",
      "kind" : "remoteSourceControl",
      "location" : "https://github.com/nerdzlab/NerdzUtils.git",
      "state" : {
        "revision" : "29ede10ab0332ea969ba7d51e7eb209fa224e522",
        "version" : "1.1.0"
      }
    },
    {
      "identity" : "sfsafesymbols",
      "kind" : "remoteSourceControl",
      "location" : "https://github.com/SFSafeSymbols/SFSafeSymbols.git",
      "state" : {
        "revision" : "e2e28f4e56e1769c2ec3c61c9355fc64eb7a535a",
        "version" : "5.3.0"
      }
    },
    {
      "identity" : "swiftmessages",
      "kind" : "remoteSourceControl",
      "location" : "https://github.com/SwiftKickMobile/SwiftMessages.git",
      "state" : {
        "revision" : "c544df6ce316422b9d65a571f932e800213dd09c",
        "version" : "10.0.1"
      }
    },
    {
      "identity" : "xcstrings-tool-plugin",
      "kind" : "remoteSourceControl",
      "location" : "https://github.com/liamnichols/xcstrings-tool-plugin",
      "state" : {
        "revision" : "448890f1c47c0d70b6e539341f623c33bd1385af",
        "version" : "1.0.0"
      }
    }
  ],
  "version" : 3
}
