// !$*UTF8*$!
{
	archiveVersion = 1;
	classes = {
	};
	objectVersion = 77;
	objects = {

/* Begin PBXBuildFile section */
		C3977591E8914548B955C0EB /* AbstractFactory.png in Resources */ = {isa = PBXBuildFile; fileRef = 19397CE567D241159B0F4CB4 /* AbstractFactory.png */; };
		17203E81C3154E6E8B5814EE /* Adapter.png in Resources */ = {isa = PBXBuildFile; fileRef = 5EA6ADF198D7462684567CB3 /* Adapter.png */; };
		C6B6DC9A873A44F3A874173A /* Bridge.png in Resources */ = {isa = PBXBuildFile; fileRef = 2C77CCFB9B764D0586AFB960 /* Bridge.png */; };
		01DCED8BEB1748078841FB10 /* Builder.png in Resources */ = {isa = PBXBuildFile; fileRef = EAB0FB592D3D43FC8B52B737 /* Builder.png */; };
		B64B4AA0B0E5461086A62869 /* ChainofResponsibility.png in Resources */ = {isa = PBXBuildFile; fileRef = 5866285DA67A49D7BDB2019C /* ChainofResponsibility.png */; };
		26F10E2F973A4447AF321351 /* Command.png in Resources */ = {isa = PBXBuildFile; fileRef = 8820E064F63C4A4E9737CDF5 /* Command.png */; };
		CE9D8DEE97564C26B86A542B /* Composite.png in Resources */ = {isa = PBXBuildFile; fileRef = 7C451C66BA12440B925BA8CC /* Composite.png */; };
		5F9C8DBB27AB4F98B4035124 /* Decorator.png in Resources */ = {isa = PBXBuildFile; fileRef = 16543593688E44418C106121 /* Decorator.png */; };
		2F6E6414CAEA4F36A9113426 /* Facade.png in Resources */ = {isa = PBXBuildFile; fileRef = C8ED97703D8649209274A602 /* Facade.png */; };
		C02C2CD28EA94DFDA259E44B /* FactoryMethod.png in Resources */ = {isa = PBXBuildFile; fileRef = 0584FCCCD8584071BFE14A17 /* FactoryMethod.png */; };
		4ACA0203E7B84398AAA34C7F /* Flyweight.png in Resources */ = {isa = PBXBuildFile; fileRef = 807589DF765D4AB5B00B5C17 /* Flyweight.png */; };
		AC97F532448A47389E2E472C /* Interpreter.png in Resources */ = {isa = PBXBuildFile; fileRef = 6C63CE2C93C84A55B6C403D2 /* Interpreter.png */; };
		0453B7CD85604A069A8A6425 /* Iterator.png in Resources */ = {isa = PBXBuildFile; fileRef = 4805B3023D0E4106872DCDC0 /* Iterator.png */; };
		DF6C74D393294313BC0668CC /* Mediator.png in Resources */ = {isa = PBXBuildFile; fileRef = 39FE7644222B42668BD19233 /* Mediator.png */; };
		C930938A51AA4B798E03D393 /* Memento.png in Resources */ = {isa = PBXBuildFile; fileRef = 346C65F7E75A49679A612625 /* Memento.png */; };
		866E3229E981466383F4F85B /* Observer.png in Resources */ = {isa = PBXBuildFile; fileRef = 512C58B16CF64418BC839D7E /* Observer.png */; };
		03C34AA1C4E249049DE8A44D /* Prototype.png in Resources */ = {isa = PBXBuildFile; fileRef = D44F0C1D7059449BB693ABAE /* Prototype.png */; };
		A33E702401F84859920B690D /* Proxy.png in Resources */ = {isa = PBXBuildFile; fileRef = 0F640EAEF13B44D3BDB9F21D /* Proxy.png */; };
		D7E3D4FBC9124D20AFD8FB53 /* Singleton.png in Resources */ = {isa = PBXBuildFile; fileRef = B9FF9F0985474AEF96AAC6A9 /* Singleton.png */; };
		70B247C6476A4B95B6B7E316 /* State.png in Resources */ = {isa = PBXBuildFile; fileRef = 972291E6C377442EA5E86E8F /* State.png */; };
		1E758814A4554BCCACE2EF5B /* Strategy.png in Resources */ = {isa = PBXBuildFile; fileRef = 734F12D8A0DC4AACA570846A /* Strategy.png */; };
		425BBFFDC1F34742BCB717E3 /* TemplateMethod.png in Resources */ = {isa = PBXBuildFile; fileRef = 2FB58335E0B74A828475F224 /* TemplateMethod.png */; };
		28C7DE0ED62A43259AFB090B /* Visitor.png in Resources */ = {isa = PBXBuildFile; fileRef = 5A697C378BCC4B0F931A0A06 /* Visitor.png */; };
		B01D44A92D3D9A5400DC8431 /* SFSafeSymbols in Frameworks */ = {isa = PBXBuildFile; productRef = B01D44A82D3D9A5400DC8431 /* SFSafeSymbols */; };
		B034F6932D3DCF1400C183AC /* SwiftMessages in Frameworks */ = {isa = PBXBuildFile; productRef = B034F6922D3DCF1400C183AC /* SwiftMessages */; };
		B080199C2D3BC1D100B982D5 /* NerdzUtils in Frameworks */ = {isa = PBXBuildFile; productRef = B080199B2D3BC1D100B982D5 /* NerdzUtils */; };
		B0ECB8632D466B62006D419C /* NerdzInject in Frameworks */ = {isa = PBXBuildFile; productRef = B0ECB8622D466B62006D419C /* NerdzInject */; };
/* End PBXBuildFile section */

/* Begin PBXFileReference section */
		19397CE567D241159B0F4CB4 /* AbstractFactory.png */ = {isa = PBXFileReference; lastKnownFileType = image.png; name = AbstractFactory.png; path = SupportingFiles/Diagrams/Images/AbstractFactory.png; sourceTree = "<group>"; };
		5EA6ADF198D7462684567CB3 /* Adapter.png */ = {isa = PBXFileReference; lastKnownFileType = image.png; name = Adapter.png; path = SupportingFiles/Diagrams/Images/Adapter.png; sourceTree = "<group>"; };
		2C77CCFB9B764D0586AFB960 /* Bridge.png */ = {isa = PBXFileReference; lastKnownFileType = image.png; name = Bridge.png; path = SupportingFiles/Diagrams/Images/Bridge.png; sourceTree = "<group>"; };
		EAB0FB592D3D43FC8B52B737 /* Builder.png */ = {isa = PBXFileReference; lastKnownFileType = image.png; name = Builder.png; path = SupportingFiles/Diagrams/Images/Builder.png; sourceTree = "<group>"; };
		5866285DA67A49D7BDB2019C /* ChainofResponsibility.png */ = {isa = PBXFileReference; lastKnownFileType = image.png; name = ChainofResponsibility.png; path = SupportingFiles/Diagrams/Images/ChainofResponsibility.png; sourceTree = "<group>"; };
		8820E064F63C4A4E9737CDF5 /* Command.png */ = {isa = PBXFileReference; lastKnownFileType = image.png; name = Command.png; path = SupportingFiles/Diagrams/Images/Command.png; sourceTree = "<group>"; };
		7C451C66BA12440B925BA8CC /* Composite.png */ = {isa = PBXFileReference; lastKnownFileType = image.png; name = Composite.png; path = SupportingFiles/Diagrams/Images/Composite.png; sourceTree = "<group>"; };
		16543593688E44418C106121 /* Decorator.png */ = {isa = PBXFileReference; lastKnownFileType = image.png; name = Decorator.png; path = SupportingFiles/Diagrams/Images/Decorator.png; sourceTree = "<group>"; };
		C8ED97703D8649209274A602 /* Facade.png */ = {isa = PBXFileReference; lastKnownFileType = image.png; name = Facade.png; path = SupportingFiles/Diagrams/Images/Facade.png; sourceTree = "<group>"; };
		0584FCCCD8584071BFE14A17 /* FactoryMethod.png */ = {isa = PBXFileReference; lastKnownFileType = image.png; name = FactoryMethod.png; path = SupportingFiles/Diagrams/Images/FactoryMethod.png; sourceTree = "<group>"; };
		807589DF765D4AB5B00B5C17 /* Flyweight.png */ = {isa = PBXFileReference; lastKnownFileType = image.png; name = Flyweight.png; path = SupportingFiles/Diagrams/Images/Flyweight.png; sourceTree = "<group>"; };
		6C63CE2C93C84A55B6C403D2 /* Interpreter.png */ = {isa = PBXFileReference; lastKnownFileType = image.png; name = Interpreter.png; path = SupportingFiles/Diagrams/Images/Interpreter.png; sourceTree = "<group>"; };
		4805B3023D0E4106872DCDC0 /* Iterator.png */ = {isa = PBXFileReference; lastKnownFileType = image.png; name = Iterator.png; path = SupportingFiles/Diagrams/Images/Iterator.png; sourceTree = "<group>"; };
		39FE7644222B42668BD19233 /* Mediator.png */ = {isa = PBXFileReference; lastKnownFileType = image.png; name = Mediator.png; path = SupportingFiles/Diagrams/Images/Mediator.png; sourceTree = "<group>"; };
		346C65F7E75A49679A612625 /* Memento.png */ = {isa = PBXFileReference; lastKnownFileType = image.png; name = Memento.png; path = SupportingFiles/Diagrams/Images/Memento.png; sourceTree = "<group>"; };
		512C58B16CF64418BC839D7E /* Observer.png */ = {isa = PBXFileReference; lastKnownFileType = image.png; name = Observer.png; path = SupportingFiles/Diagrams/Images/Observer.png; sourceTree = "<group>"; };
		D44F0C1D7059449BB693ABAE /* Prototype.png */ = {isa = PBXFileReference; lastKnownFileType = image.png; name = Prototype.png; path = SupportingFiles/Diagrams/Images/Prototype.png; sourceTree = "<group>"; };
		0F640EAEF13B44D3BDB9F21D /* Proxy.png */ = {isa = PBXFileReference; lastKnownFileType = image.png; name = Proxy.png; path = SupportingFiles/Diagrams/Images/Proxy.png; sourceTree = "<group>"; };
		B9FF9F0985474AEF96AAC6A9 /* Singleton.png */ = {isa = PBXFileReference; lastKnownFileType = image.png; name = Singleton.png; path = SupportingFiles/Diagrams/Images/Singleton.png; sourceTree = "<group>"; };
		972291E6C377442EA5E86E8F /* State.png */ = {isa = PBXFileReference; lastKnownFileType = image.png; name = State.png; path = SupportingFiles/Diagrams/Images/State.png; sourceTree = "<group>"; };
		734F12D8A0DC4AACA570846A /* Strategy.png */ = {isa = PBXFileReference; lastKnownFileType = image.png; name = Strategy.png; path = SupportingFiles/Diagrams/Images/Strategy.png; sourceTree = "<group>"; };
		2FB58335E0B74A828475F224 /* TemplateMethod.png */ = {isa = PBXFileReference; lastKnownFileType = image.png; name = TemplateMethod.png; path = SupportingFiles/Diagrams/Images/TemplateMethod.png; sourceTree = "<group>"; };
		5A697C378BCC4B0F931A0A06 /* Visitor.png */ = {isa = PBXFileReference; lastKnownFileType = image.png; name = Visitor.png; path = SupportingFiles/Diagrams/Images/Visitor.png; sourceTree = "<group>"; };
		B080195F2D3B091000B982D5 /* DesignPatterns.app */ = {isa = PBXFileReference; explicitFileType = wrapper.application; includeInIndex = 0; path = DesignPatterns.app; sourceTree = BUILT_PRODUCTS_DIR; };
/* End PBXFileReference section */

/* Begin PBXFileSystemSynchronizedRootGroup section */
		B08019612D3B091000B982D5 /* DesignPatterns */ = {
			isa = PBXFileSystemSynchronizedRootGroup;
			path = DesignPatterns;
			sourceTree = "<group>";
		};
/* End PBXFileSystemSynchronizedRootGroup section */

/* Begin PBXFrameworksBuildPhase section */
		B080195C2D3B091000B982D5 /* Frameworks */ = {
			isa = PBXFrameworksBuildPhase;
			buildActionMask = 2147483647;
			files = (
				C3977591E8914548B955C0EB /* AbstractFactory.png in Resources */,
				17203E81C3154E6E8B5814EE /* Adapter.png in Resources */,
				C6B6DC9A873A44F3A874173A /* Bridge.png in Resources */,
				01DCED8BEB1748078841FB10 /* Builder.png in Resources */,
				B64B4AA0B0E5461086A62869 /* ChainofResponsibility.png in Resources */,
				26F10E2F973A4447AF321351 /* Command.png in Resources */,
				CE9D8DEE97564C26B86A542B /* Composite.png in Resources */,
				5F9C8DBB27AB4F98B4035124 /* Decorator.png in Resources */,
				2F6E6414CAEA4F36A9113426 /* Facade.png in Resources */,
				C02C2CD28EA94DFDA259E44B /* FactoryMethod.png in Resources */,
				4ACA0203E7B84398AAA34C7F /* Flyweight.png in Resources */,
				AC97F532448A47389E2E472C /* Interpreter.png in Resources */,
				0453B7CD85604A069A8A6425 /* Iterator.png in Resources */,
				DF6C74D393294313BC0668CC /* Mediator.png in Resources */,
				C930938A51AA4B798E03D393 /* Memento.png in Resources */,
				866E3229E981466383F4F85B /* Observer.png in Resources */,
				03C34AA1C4E249049DE8A44D /* Prototype.png in Resources */,
				A33E702401F84859920B690D /* Proxy.png in Resources */,
				D7E3D4FBC9124D20AFD8FB53 /* Singleton.png in Resources */,
				70B247C6476A4B95B6B7E316 /* State.png in Resources */,
				1E758814A4554BCCACE2EF5B /* Strategy.png in Resources */,
				425BBFFDC1F34742BCB717E3 /* TemplateMethod.png in Resources */,
				28C7DE0ED62A43259AFB090B /* Visitor.png in Resources */,
				B01D44A92D3D9A5400DC8431 /* SFSafeSymbols in Frameworks */,
				B080199C2D3BC1D100B982D5 /* NerdzUtils in Frameworks */,
				B034F6932D3DCF1400C183AC /* SwiftMessages in Frameworks */,
				B0ECB8632D466B62006D419C /* NerdzInject in Frameworks */,
			);
			runOnlyForDeploymentPostprocessing = 0;
		};
/* End PBXFrameworksBuildPhase section */

/* Begin PBXGroup section */
		B08019562D3B091000B982D5 = {
			isa = PBXGroup;
			children = (
				B08019612D3B091000B982D5 /* DesignPatterns */,
				B08019602D3B091000B982D5 /* Products */,
			);
			sourceTree = "<group>";
		};
		B08019602D3B091000B982D5 /* Products */ = {
			isa = PBXGroup;
			children = (
				B080195F2D3B091000B982D5 /* DesignPatterns.app */,
			);
			name = Products;
			sourceTree = "<group>";
		};
/* End PBXGroup section */

/* Begin PBXNativeTarget section */
		B080195E2D3B091000B982D5 /* DesignPatterns */ = {
			isa = PBXNativeTarget;
			buildConfigurationList = B080196D2D3B091000B982D5 /* Build configuration list for PBXNativeTarget "DesignPatterns" */;
			buildPhases = (
				B01D44F62D3DA1D300DC8431 /* Run SwiftGen */,
				B080195B2D3B091000B982D5 /* Sources */,
				B080195C2D3B091000B982D5 /* Frameworks */,
				B080195D2D3B091000B982D5 /* Resources */,
				B0801A452D3C24D600B982D5 /* Run SwiftLint */,
			);
			buildRules = (
			);
			dependencies = (
				B0801A4A2D3C277B00B982D5 /* PBXTargetDependency */,
			);
			fileSystemSynchronizedGroups = (
				B08019612D3B091000B982D5 /* DesignPatterns */,
			);
			name = DesignPatterns;
			packageProductDependencies = (
				B080199B2D3BC1D100B982D5 /* NerdzUtils */,
				B01D44A82D3D9A5400DC8431 /* SFSafeSymbols */,
				B034F6922D3DCF1400C183AC /* SwiftMessages */,
				B0ECB8622D466B62006D419C /* NerdzInject */,
			);
			productName = DesignPatterns;
			productReference = B080195F2D3B091000B982D5 /* DesignPatterns.app */;
			productType = "com.apple.product-type.application";
		};
/* End PBXNativeTarget section */

/* Begin PBXProject section */
		B08019572D3B091000B982D5 /* Project object */ = {
			isa = PBXProject;
			attributes = {
				BuildIndependentTargetsInParallel = 1;
				LastSwiftUpdateCheck = 1600;
				LastUpgradeCheck = 1600;
				TargetAttributes = {
					B080195E2D3B091000B982D5 = {
						CreatedOnToolsVersion = 16.0;
					};
				};
			};
			buildConfigurationList = B080195A2D3B091000B982D5 /* Build configuration list for PBXProject "DesignPatterns" */;
			developmentRegion = en;
			hasScannedForEncodings = 0;
			knownRegions = (
				en,
				Base,
			);
			mainGroup = B08019562D3B091000B982D5;
			minimizedProjectReferenceProxies = 1;
			packageReferences = (
				B080199A2D3BC1D100B982D5 /* XCRemoteSwiftPackageReference "NerdzUtils" */,
				B0801A472D3C271000B982D5 /* XCRemoteSwiftPackageReference "xcstrings-tool-plugin" */,
				B01D44A72D3D9A5400DC8431 /* XCRemoteSwiftPackageReference "SFSafeSymbols" */,
				B034F6912D3DCF1400C183AC /* XCRemoteSwiftPackageReference "SwiftMessages" */,
				B0ECB8612D466B62006D419C /* XCRemoteSwiftPackageReference "NerdzInject" */,
			);
			preferredProjectObjectVersion = 77;
			productRefGroup = B08019602D3B091000B982D5 /* Products */;
			projectDirPath = "";
			projectRoot = "";
			targets = (
				B080195E2D3B091000B982D5 /* DesignPatterns */,
			);
		};
/* End PBXProject section */

/* Begin PBXResourcesBuildPhase section */
		B080195D2D3B091000B982D5 /* Resources */ = {
			isa = PBXResourcesBuildPhase;
			buildActionMask = 2147483647;
			files = (
			);
			runOnlyForDeploymentPostprocessing = 0;
		};
/* End PBXResourcesBuildPhase section */

/* Begin PBXShellScriptBuildPhase section */
		B01D44F62D3DA1D300DC8431 /* Run SwiftGen */ = {
			isa = PBXShellScriptBuildPhase;
			alwaysOutOfDate = 1;
			buildActionMask = 2147483647;
			files = (
			);
			inputFileListPaths = (
			);
			inputPaths = (
			);
			name = "Run SwiftGen";
			outputFileListPaths = (
			);
			outputPaths = (
			);
			runOnlyForDeploymentPostprocessing = 0;
			shellPath = /bin/sh;
			shellScript = "if [[ \"$(uname -m)\" == arm64 ]]\nthen\n    export PATH=\"/opt/homebrew/bin:$PATH\"\nfi\n\nif command -v swiftlint >/dev/null 2>&1\nthen\n    swiftgen config run\nelse\n    echo \"warning: `swiftgen` command not found\"\nfi\n";
		};
		B0801A452D3C24D600B982D5 /* Run SwiftLint */ = {
			isa = PBXShellScriptBuildPhase;
			alwaysOutOfDate = 1;
			buildActionMask = 2147483647;
			files = (
			);
			inputFileListPaths = (
			);
			inputPaths = (
			);
			name = "Run SwiftLint";
			outputFileListPaths = (
			);
			outputPaths = (
			);
			runOnlyForDeploymentPostprocessing = 0;
			shellPath = /bin/sh;
			shellScript = "if [[ \"$(uname -m)\" == arm64 ]]\nthen\n    export PATH=\"/opt/homebrew/bin:$PATH\"\nfi\n\nif command -v swiftlint >/dev/null 2>&1\nthen\n    swiftlint --config \"${PROJECT_DIR}/swiftlint.yml\" --fix && swiftlint --config \"${PROJECT_DIR}/swiftlint.yml\"\nelse\n    echo \"warning: `swiftlint` command not found - See https://github.com/realm/SwiftLint#installation for installation instructions.\"\nfi\n";
		};
/* End PBXShellScriptBuildPhase section */

/* Begin PBXSourcesBuildPhase section */
		B080195B2D3B091000B982D5 /* Sources */ = {
			isa = PBXSourcesBuildPhase;
			buildActionMask = 2147483647;
			files = (
			);
			runOnlyForDeploymentPostprocessing = 0;
		};
/* End PBXSourcesBuildPhase section */

/* Begin PBXTargetDependency section */
		B0801A4A2D3C277B00B982D5 /* PBXTargetDependency */ = {
			isa = PBXTargetDependency;
			productRef = B0801A492D3C277B00B982D5 /* XCStringsToolPlugin */;
		};
/* End PBXTargetDependency section */

/* Begin XCBuildConfiguration section */
		B080196B2D3B091000B982D5 /* Debug */ = {
			isa = XCBuildConfiguration;
			buildSettings = {
				ALWAYS_SEARCH_USER_PATHS = NO;
				ASSETCATALOG_COMPILER_GENERATE_SWIFT_ASSET_SYMBOL_EXTENSIONS = YES;
				CLANG_ANALYZER_NONNULL = YES;
				CLANG_ANALYZER_NUMBER_OBJECT_CONVERSION = YES_AGGRESSIVE;
				CLANG_CXX_LANGUAGE_STANDARD = "gnu++20";
				CLANG_ENABLE_MODULES = YES;
				CLANG_ENABLE_OBJC_ARC = YES;
				CLANG_ENABLE_OBJC_WEAK = YES;
				CLANG_WARN_BLOCK_CAPTURE_AUTORELEASING = YES;
				CLANG_WARN_BOOL_CONVERSION = YES;
				CLANG_WARN_COMMA = YES;
				CLANG_WARN_CONSTANT_CONVERSION = YES;
				CLANG_WARN_DEPRECATED_OBJC_IMPLEMENTATIONS = YES;
				CLANG_WARN_DIRECT_OBJC_ISA_USAGE = YES_ERROR;
				CLANG_WARN_DOCUMENTATION_COMMENTS = YES;
				CLANG_WARN_EMPTY_BODY = YES;
				CLANG_WARN_ENUM_CONVERSION = YES;
				CLANG_WARN_INFINITE_RECURSION = YES;
				CLANG_WARN_INT_CONVERSION = YES;
				CLANG_WARN_NON_LITERAL_NULL_CONVERSION = YES;
				CLANG_WARN_OBJC_IMPLICIT_RETAIN_SELF = YES;
				CLANG_WARN_OBJC_LITERAL_CONVERSION = YES;
				CLANG_WARN_OBJC_ROOT_CLASS = YES_ERROR;
				CLANG_WARN_QUOTED_INCLUDE_IN_FRAMEWORK_HEADER = YES;
				CLANG_WARN_RANGE_LOOP_ANALYSIS = YES;
				CLANG_WARN_STRICT_PROTOTYPES = YES;
				CLANG_WARN_SUSPICIOUS_MOVE = YES;
				CLANG_WARN_UNGUARDED_AVAILABILITY = YES_AGGRESSIVE;
				CLANG_WARN_UNREACHABLE_CODE = YES;
				CLANG_WARN__DUPLICATE_METHOD_MATCH = YES;
				COPY_PHASE_STRIP = NO;
				DEBUG_INFORMATION_FORMAT = dwarf;
				ENABLE_STRICT_OBJC_MSGSEND = YES;
				ENABLE_TESTABILITY = YES;
				ENABLE_USER_SCRIPT_SANDBOXING = NO;
				GCC_C_LANGUAGE_STANDARD = gnu17;
				GCC_DYNAMIC_NO_PIC = NO;
				GCC_NO_COMMON_BLOCKS = YES;
				GCC_OPTIMIZATION_LEVEL = 0;
				GCC_PREPROCESSOR_DEFINITIONS = (
					"DEBUG=1",
					"$(inherited)",
				);
				GCC_WARN_64_TO_32_BIT_CONVERSION = YES;
				GCC_WARN_ABOUT_RETURN_TYPE = YES_ERROR;
				GCC_WARN_UNDECLARED_SELECTOR = YES;
				GCC_WARN_UNINITIALIZED_AUTOS = YES_AGGRESSIVE;
				GCC_WARN_UNUSED_FUNCTION = YES;
				GCC_WARN_UNUSED_VARIABLE = YES;
				IPHONEOS_DEPLOYMENT_TARGET = 18.0;
				LOCALIZATION_PREFERS_STRING_CATALOGS = YES;
				MTL_ENABLE_DEBUG_INFO = INCLUDE_SOURCE;
				MTL_FAST_MATH = YES;
				ONLY_ACTIVE_ARCH = YES;
				SDKROOT = iphoneos;
				SWIFT_ACTIVE_COMPILATION_CONDITIONS = "DEBUG $(inherited)";
				SWIFT_EMIT_LOC_STRINGS = YES;
				SWIFT_OPTIMIZATION_LEVEL = "-Onone";
			};
			name = Debug;
		};
		B080196C2D3B091000B982D5 /* Release */ = {
			isa = XCBuildConfiguration;
			buildSettings = {
				ALWAYS_SEARCH_USER_PATHS = NO;
				ASSETCATALOG_COMPILER_GENERATE_SWIFT_ASSET_SYMBOL_EXTENSIONS = YES;
				CLANG_ANALYZER_NONNULL = YES;
				CLANG_ANALYZER_NUMBER_OBJECT_CONVERSION = YES_AGGRESSIVE;
				CLANG_CXX_LANGUAGE_STANDARD = "gnu++20";
				CLANG_ENABLE_MODULES = YES;
				CLANG_ENABLE_OBJC_ARC = YES;
				CLANG_ENABLE_OBJC_WEAK = YES;
				CLANG_WARN_BLOCK_CAPTURE_AUTORELEASING = YES;
				CLANG_WARN_BOOL_CONVERSION = YES;
				CLANG_WARN_COMMA = YES;
				CLANG_WARN_CONSTANT_CONVERSION = YES;
				CLANG_WARN_DEPRECATED_OBJC_IMPLEMENTATIONS = YES;
				CLANG_WARN_DIRECT_OBJC_ISA_USAGE = YES_ERROR;
				CLANG_WARN_DOCUMENTATION_COMMENTS = YES;
				CLANG_WARN_EMPTY_BODY = YES;
				CLANG_WARN_ENUM_CONVERSION = YES;
				CLANG_WARN_INFINITE_RECURSION = YES;
				CLANG_WARN_INT_CONVERSION = YES;
				CLANG_WARN_NON_LITERAL_NULL_CONVERSION = YES;
				CLANG_WARN_OBJC_IMPLICIT_RETAIN_SELF = YES;
				CLANG_WARN_OBJC_LITERAL_CONVERSION = YES;
				CLANG_WARN_OBJC_ROOT_CLASS = YES_ERROR;
				CLANG_WARN_QUOTED_INCLUDE_IN_FRAMEWORK_HEADER = YES;
				CLANG_WARN_RANGE_LOOP_ANALYSIS = YES;
				CLANG_WARN_STRICT_PROTOTYPES = YES;
				CLANG_WARN_SUSPICIOUS_MOVE = YES;
				CLANG_WARN_UNGUARDED_AVAILABILITY = YES_AGGRESSIVE;
				CLANG_WARN_UNREACHABLE_CODE = YES;
				CLANG_WARN__DUPLICATE_METHOD_MATCH = YES;
				COPY_PHASE_STRIP = NO;
				DEBUG_INFORMATION_FORMAT = "dwarf-with-dsym";
				ENABLE_NS_ASSERTIONS = NO;
				ENABLE_STRICT_OBJC_MSGSEND = YES;
				ENABLE_USER_SCRIPT_SANDBOXING = NO;
				GCC_C_LANGUAGE_STANDARD = gnu17;
				GCC_NO_COMMON_BLOCKS = YES;
				GCC_WARN_64_TO_32_BIT_CONVERSION = YES;
				GCC_WARN_ABOUT_RETURN_TYPE = YES_ERROR;
				GCC_WARN_UNDECLARED_SELECTOR = YES;
				GCC_WARN_UNINITIALIZED_AUTOS = YES_AGGRESSIVE;
				GCC_WARN_UNUSED_FUNCTION = YES;
				GCC_WARN_UNUSED_VARIABLE = YES;
				IPHONEOS_DEPLOYMENT_TARGET = 18.0;
				LOCALIZATION_PREFERS_STRING_CATALOGS = YES;
				MTL_ENABLE_DEBUG_INFO = NO;
				MTL_FAST_MATH = YES;
				SDKROOT = iphoneos;
				SWIFT_COMPILATION_MODE = wholemodule;
				SWIFT_EMIT_LOC_STRINGS = YES;
				VALIDATE_PRODUCT = YES;
			};
			name = Release;
		};
		B080196E2D3B091000B982D5 /* Debug */ = {
			isa = XCBuildConfiguration;
			buildSettings = {
				ASSETCATALOG_COMPILER_APPICON_NAME = AppIcon;
				ASSETCATALOG_COMPILER_GLOBAL_ACCENT_COLOR_NAME = AccentColor;
				CODE_SIGN_STYLE = Automatic;
				CURRENT_PROJECT_VERSION = 1;
				DEVELOPMENT_ASSET_PATHS = "\"DesignPatterns/Preview Content\"";
				DEVELOPMENT_TEAM = 7LSA5W5LLW;
				ENABLE_PREVIEWS = YES;
				GENERATE_INFOPLIST_FILE = YES;
				INFOPLIST_KEY_UIApplicationSceneManifest_Generation = YES;
				INFOPLIST_KEY_UIApplicationSupportsIndirectInputEvents = YES;
				INFOPLIST_KEY_UILaunchScreen_Generation = YES;
				INFOPLIST_KEY_UISupportedInterfaceOrientations = UIInterfaceOrientationPortrait;
				INFOPLIST_KEY_UISupportedInterfaceOrientations_iPad = "UIInterfaceOrientationLandscapeLeft UIInterfaceOrientationLandscapeRight UIInterfaceOrientationPortrait UIInterfaceOrientationPortraitUpsideDown";
				INFOPLIST_KEY_UIUserInterfaceStyle = Light;
				LD_RUNPATH_SEARCH_PATHS = (
					"$(inherited)",
					"@executable_path/Frameworks",
				);
				MARKETING_VERSION = 1.0;
				PRODUCT_BUNDLE_IDENTIFIER = com.nerdzlab.DesignPatterns;
				PRODUCT_NAME = "$(TARGET_NAME)";
				SWIFT_EMIT_LOC_STRINGS = YES;
				SWIFT_VERSION = 5.0;
				TARGETED_DEVICE_FAMILY = "1,2";
			};
			name = Debug;
		};
		B080196F2D3B091000B982D5 /* Release */ = {
			isa = XCBuildConfiguration;
			buildSettings = {
				ASSETCATALOG_COMPILER_APPICON_NAME = AppIcon;
				ASSETCATALOG_COMPILER_GLOBAL_ACCENT_COLOR_NAME = AccentColor;
				CODE_SIGN_STYLE = Automatic;
				CURRENT_PROJECT_VERSION = 1;
				DEVELOPMENT_ASSET_PATHS = "\"DesignPatterns/Preview Content\"";
				DEVELOPMENT_TEAM = 7LSA5W5LLW;
				ENABLE_PREVIEWS = YES;
				GENERATE_INFOPLIST_FILE = YES;
				INFOPLIST_KEY_UIApplicationSceneManifest_Generation = YES;
				INFOPLIST_KEY_UIApplicationSupportsIndirectInputEvents = YES;
				INFOPLIST_KEY_UILaunchScreen_Generation = YES;
				INFOPLIST_KEY_UISupportedInterfaceOrientations = UIInterfaceOrientationPortrait;
				INFOPLIST_KEY_UISupportedInterfaceOrientations_iPad = "UIInterfaceOrientationLandscapeLeft UIInterfaceOrientationLandscapeRight UIInterfaceOrientationPortrait UIInterfaceOrientationPortraitUpsideDown";
				INFOPLIST_KEY_UIUserInterfaceStyle = Light;
				LD_RUNPATH_SEARCH_PATHS = (
					"$(inherited)",
					"@executable_path/Frameworks",
				);
				MARKETING_VERSION = 1.0;
				PRODUCT_BUNDLE_IDENTIFIER = com.nerdzlab.DesignPatterns;
				PRODUCT_NAME = "$(TARGET_NAME)";
				SWIFT_EMIT_LOC_STRINGS = YES;
				SWIFT_VERSION = 5.0;
				TARGETED_DEVICE_FAMILY = "1,2";
			};
			name = Release;
		};
/* End XCBuildConfiguration section */

/* Begin XCConfigurationList section */
		B080195A2D3B091000B982D5 /* Build configuration list for PBXProject "DesignPatterns" */ = {
			isa = XCConfigurationList;
			buildConfigurations = (
				B080196B2D3B091000B982D5 /* Debug */,
				B080196C2D3B091000B982D5 /* Release */,
			);
			defaultConfigurationIsVisible = 0;
			defaultConfigurationName = Release;
		};
		B080196D2D3B091000B982D5 /* Build configuration list for PBXNativeTarget "DesignPatterns" */ = {
			isa = XCConfigurationList;
			buildConfigurations = (
				B080196E2D3B091000B982D5 /* Debug */,
				B080196F2D3B091000B982D5 /* Release */,
			);
			defaultConfigurationIsVisible = 0;
			defaultConfigurationName = Release;
		};
/* End XCConfigurationList section */

/* Begin XCRemoteSwiftPackageReference section */
		B01D44A72D3D9A5400DC8431 /* XCRemoteSwiftPackageReference "SFSafeSymbols" */ = {
			isa = XCRemoteSwiftPackageReference;
			repositoryURL = "https://github.com/SFSafeSymbols/SFSafeSymbols.git";
			requirement = {
				kind = upToNextMajorVersion;
				minimumVersion = 5.3.0;
			};
		};
		B034F6912D3DCF1400C183AC /* XCRemoteSwiftPackageReference "SwiftMessages" */ = {
			isa = XCRemoteSwiftPackageReference;
			repositoryURL = "https://github.com/SwiftKickMobile/SwiftMessages.git";
			requirement = {
				kind = upToNextMajorVersion;
				minimumVersion = 10.0.1;
			};
		};
		B080199A2D3BC1D100B982D5 /* XCRemoteSwiftPackageReference "NerdzUtils" */ = {
			isa = XCRemoteSwiftPackageReference;
			repositoryURL = "https://github.com/nerdzlab/NerdzUtils.git";
			requirement = {
				kind = upToNextMajorVersion;
				minimumVersion = 1.1.0;
			};
		};
		B0801A472D3C271000B982D5 /* XCRemoteSwiftPackageReference "xcstrings-tool-plugin" */ = {
			isa = XCRemoteSwiftPackageReference;
			repositoryURL = "https://github.com/liamnichols/xcstrings-tool-plugin";
			requirement = {
				kind = upToNextMajorVersion;
				minimumVersion = 1.0.0;
			};
		};
		B0ECB8612D466B62006D419C /* XCRemoteSwiftPackageReference "NerdzInject" */ = {
			isa = XCRemoteSwiftPackageReference;
			repositoryURL = "https://github.com/nerdzlab/NerdzInject.git";
			requirement = {
				kind = upToNextMajorVersion;
				minimumVersion = 1.1.3;
			};
		};
/* End XCRemoteSwiftPackageReference section */

/* Begin XCSwiftPackageProductDependency section */
		B01D44A82D3D9A5400DC8431 /* SFSafeSymbols */ = {
			isa = XCSwiftPackageProductDependency;
			package = B01D44A72D3D9A5400DC8431 /* XCRemoteSwiftPackageReference "SFSafeSymbols" */;
			productName = SFSafeSymbols;
		};
		B034F6922D3DCF1400C183AC /* SwiftMessages */ = {
			isa = XCSwiftPackageProductDependency;
			package = B034F6912D3DCF1400C183AC /* XCRemoteSwiftPackageReference "SwiftMessages" */;
			productName = SwiftMessages;
		};
		B080199B2D3BC1D100B982D5 /* NerdzUtils */ = {
			isa = XCSwiftPackageProductDependency;
			package = B080199A2D3BC1D100B982D5 /* XCRemoteSwiftPackageReference "NerdzUtils" */;
			productName = NerdzUtils;
		};
		B0801A492D3C277B00B982D5 /* XCStringsToolPlugin */ = {
			isa = XCSwiftPackageProductDependency;
			package = B0801A472D3C271000B982D5 /* XCRemoteSwiftPackageReference "xcstrings-tool-plugin" */;
			productName = "plugin:XCStringsToolPlugin";
		};
		B0ECB8622D466B62006D419C /* NerdzInject */ = {
			isa = XCSwiftPackageProductDependency;
			package = B0ECB8612D466B62006D419C /* XCRemoteSwiftPackageReference "NerdzInject" */;
			productName = NerdzInject;
		};
/* End XCSwiftPackageProductDependency section */
	};
	rootObject = B08019572D3B091000B982D5 /* Project object */;
}
